// !$*UTF8*$!
{
	archiveVersion = 1;
	classes = {
	};
	objectVersion = 52;
	objects = {

/* Begin PBXBuildFile section */
		A43EFA2D22D4D5C0008AEE03 /* WHWebManagerController.swift in Sources */ = {isa = PBXBuildFile; fileRef = A43EFA2B22D4D5C0008AEE03 /* WHWebManagerController.swift */; };
		A43EFA2E22D4D5C0008AEE03 /* WHWebManagerController.xib in Resources */ = {isa = PBXBuildFile; fileRef = A43EFA2C22D4D5C0008AEE03 /* WHWebManagerController.xib */; };
		A45DC0DD22A2DF05001A1447 /* WebHunt.saver in CopyFiles */ = {isa = PBXBuildFile; fileRef = A45DC0CE22A2DA17001A1447 /* WebHunt.saver */; };
		A46A549622A3ED2A00E86E35 /* PreferencesWindowController.swift in Sources */ = {isa = PBXBuildFile; fileRef = A46A549522A3ED2A00E86E35 /* PreferencesWindowController.swift */; };
		A46A549822A3ED5000E86E35 /* WebHuntView.swift in Sources */ = {isa = PBXBuildFile; fileRef = A46A549722A3ED5000E86E35 /* WebHuntView.swift */; };
		A46A549C22A3EE0600E86E35 /* Preferences.storyboard in Resources */ = {isa = PBXBuildFile; fileRef = A46A549B22A3EE0600E86E35 /* Preferences.storyboard */; };
		A46A549F22A3FB7000E86E35 /* PreferencesWindow.swift in Sources */ = {isa = PBXBuildFile; fileRef = A46A549E22A3FB7000E86E35 /* PreferencesWindow.swift */; };
		A46A54A122A420B500E86E35 /* WHContainerViewController.swift in Sources */ = {isa = PBXBuildFile; fileRef = A46A54A022A420B500E86E35 /* WHContainerViewController.swift */; };
		A483E4DB22D211CC001966A3 /* Yams in Frameworks */ = {isa = PBXBuildFile; productRef = A483E4DA22D211CC001966A3 /* Yams */; };
		A49B1BDB22BF907000872E5C /* Preferences.swift in Sources */ = {isa = PBXBuildFile; fileRef = A49B1BDA22BF907000872E5C /* Preferences.swift */; };
		A49B1BDF22BFC0D700872E5C /* LogMessage.swift in Sources */ = {isa = PBXBuildFile; fileRef = A49B1BDE22BFC0D700872E5C /* LogMessage.swift */; };
		A49B1BE622BFCE4800872E5C /* HTAdvancedViewController.swift in Sources */ = {isa = PBXBuildFile; fileRef = A49B1BE422BFCE4800872E5C /* HTAdvancedViewController.swift */; };
		A49F54A222AA216400022A59 /* ManifestLoader.swift in Sources */ = {isa = PBXBuildFile; fileRef = A49F54A122AA216400022A59 /* ManifestLoader.swift */; };
		A49F54A422AA25AD00022A59 /* HunterWeb.swift in Sources */ = {isa = PBXBuildFile; fileRef = A49F54A322AA25AD00022A59 /* HunterWeb.swift */; };
		A49F54A722AA43ED00022A59 /* WebCache.swift in Sources */ = {isa = PBXBuildFile; fileRef = A49F54A622AA43ED00022A59 /* WebCache.swift */; };
		A49F54AA22AA688500022A59 /* DownloadManager.swift in Sources */ = {isa = PBXBuildFile; fileRef = A49F54A922AA688500022A59 /* DownloadManager.swift */; };
		A49F54AC22AA6A0900022A59 /* AsynchronousOperation.swift in Sources */ = {isa = PBXBuildFile; fileRef = A49F54AB22AA6A0900022A59 /* AsynchronousOperation.swift */; };
		A4B46CBA22B92A22007FB19C /* CheckCellView.swift in Sources */ = {isa = PBXBuildFile; fileRef = A4B46CB922B92A22007FB19C /* CheckCellView.swift */; };
		A4C48167229A51B60060F891 /* MEMView.swift in Sources */ = {isa = PBXBuildFile; fileRef = A4C48160229A51B50060F891 /* MEMView.swift */; };
		A4C48168229A51B60060F891 /* AppDelegate.swift in Sources */ = {isa = PBXBuildFile; fileRef = A4C48161229A51B50060F891 /* AppDelegate.swift */; };
		A4C48169229A51B60060F891 /* MEMViewController.swift in Sources */ = {isa = PBXBuildFile; fileRef = A4C48162229A51B60060F891 /* MEMViewController.swift */; };
		A4C4816A229A51B60060F891 /* MEMWindow.swift in Sources */ = {isa = PBXBuildFile; fileRef = A4C48163229A51B60060F891 /* MEMWindow.swift */; };
		A4C4816B229A51B60060F891 /* MEMWindowController.swift in Sources */ = {isa = PBXBuildFile; fileRef = A4C48164229A51B60060F891 /* MEMWindowController.swift */; };
		A4C4816C229A51B60060F891 /* main.swift in Sources */ = {isa = PBXBuildFile; fileRef = A4C48165229A51B60060F891 /* main.swift */; };
		A4CF3C5922ABF16500FFCA38 /* WHWebPreferencesViewController.swift in Sources */ = {isa = PBXBuildFile; fileRef = A4CF3C5822ABF16500FFCA38 /* WHWebPreferencesViewController.swift */; };
/* End PBXBuildFile section */

/* Begin PBXContainerItemProxy section */
		A45DC0DA22A2DA6E001A1447 /* PBXContainerItemProxy */ = {
			isa = PBXContainerItemProxy;
			containerPortal = 0095C5BE1F22F08E001CB8AD /* Project object */;
			proxyType = 1;
			remoteGlobalIDString = A45DC0CD22A2DA17001A1447;
			remoteInfo = WebHunt;
		};
/* End PBXContainerItemProxy section */

/* Begin PBXCopyFilesBuildPhase section */
		A45DC0DC22A2DEF8001A1447 /* CopyFiles */ = {
			isa = PBXCopyFilesBuildPhase;
			buildActionMask = 2147483647;
			dstPath = "$(HOME)/Library/Screen Savers";
			dstSubfolderSpec = 0;
			files = (
				A45DC0DD22A2DF05001A1447 /* WebHunt.saver in CopyFiles */,
			);
			runOnlyForDeploymentPostprocessing = 0;
		};
/* End PBXCopyFilesBuildPhase section */

/* Begin PBXFileReference section */
		0095C5E21F22F2B7001CB8AD /* Runner.app */ = {isa = PBXFileReference; explicitFileType = wrapper.application; includeInIndex = 0; path = Runner.app; sourceTree = BUILT_PRODUCTS_DIR; };
		A43EFA2B22D4D5C0008AEE03 /* WHWebManagerController.swift */ = {isa = PBXFileReference; lastKnownFileType = sourcecode.swift; path = WHWebManagerController.swift; sourceTree = "<group>"; };
		A43EFA2C22D4D5C0008AEE03 /* WHWebManagerController.xib */ = {isa = PBXFileReference; lastKnownFileType = file.xib; path = WHWebManagerController.xib; sourceTree = "<group>"; };
		A45DC0CE22A2DA17001A1447 /* WebHunt.saver */ = {isa = PBXFileReference; explicitFileType = wrapper.cfbundle; includeInIndex = 0; path = WebHunt.saver; sourceTree = BUILT_PRODUCTS_DIR; };
		A45DC0D422A2DA17001A1447 /* Info.plist */ = {isa = PBXFileReference; lastKnownFileType = text.plist.xml; path = Info.plist; sourceTree = "<group>"; };
		A46A549522A3ED2A00E86E35 /* PreferencesWindowController.swift */ = {isa = PBXFileReference; fileEncoding = 4; lastKnownFileType = sourcecode.swift; path = PreferencesWindowController.swift; sourceTree = "<group>"; };
		A46A549722A3ED5000E86E35 /* WebHuntView.swift */ = {isa = PBXFileReference; fileEncoding = 4; lastKnownFileType = sourcecode.swift; path = WebHuntView.swift; sourceTree = "<group>"; };
		A46A549B22A3EE0600E86E35 /* Preferences.storyboard */ = {isa = PBXFileReference; lastKnownFileType = file.storyboard; path = Preferences.storyboard; sourceTree = "<group>"; };
		A46A549E22A3FB7000E86E35 /* PreferencesWindow.swift */ = {isa = PBXFileReference; lastKnownFileType = sourcecode.swift; path = PreferencesWindow.swift; sourceTree = "<group>"; };
		A46A54A022A420B500E86E35 /* WHContainerViewController.swift */ = {isa = PBXFileReference; lastKnownFileType = sourcecode.swift; path = WHContainerViewController.swift; sourceTree = "<group>"; };
		A49B1BDA22BF907000872E5C /* Preferences.swift */ = {isa = PBXFileReference; lastKnownFileType = sourcecode.swift; path = Preferences.swift; sourceTree = "<group>"; };
		A49B1BDE22BFC0D700872E5C /* LogMessage.swift */ = {isa = PBXFileReference; lastKnownFileType = sourcecode.swift; path = LogMessage.swift; sourceTree = "<group>"; };
		A49B1BE422BFCE4800872E5C /* HTAdvancedViewController.swift */ = {isa = PBXFileReference; lastKnownFileType = sourcecode.swift; path = HTAdvancedViewController.swift; sourceTree = "<group>"; };
		A49F54A122AA216400022A59 /* ManifestLoader.swift */ = {isa = PBXFileReference; lastKnownFileType = sourcecode.swift; path = ManifestLoader.swift; sourceTree = "<group>"; };
		A49F54A322AA25AD00022A59 /* HunterWeb.swift */ = {isa = PBXFileReference; lastKnownFileType = sourcecode.swift; path = HunterWeb.swift; sourceTree = "<group>"; };
		A49F54A622AA43ED00022A59 /* WebCache.swift */ = {isa = PBXFileReference; lastKnownFileType = sourcecode.swift; path = WebCache.swift; sourceTree = "<group>"; };
		A49F54A922AA688500022A59 /* DownloadManager.swift */ = {isa = PBXFileReference; lastKnownFileType = sourcecode.swift; path = DownloadManager.swift; sourceTree = "<group>"; };
		A49F54AB22AA6A0900022A59 /* AsynchronousOperation.swift */ = {isa = PBXFileReference; lastKnownFileType = sourcecode.swift; path = AsynchronousOperation.swift; sourceTree = "<group>"; };
		A4B46CB922B92A22007FB19C /* CheckCellView.swift */ = {isa = PBXFileReference; lastKnownFileType = sourcecode.swift; path = CheckCellView.swift; sourceTree = "<group>"; };
		A4C4815E229A51B50060F891 /* Runner.entitlements */ = {isa = PBXFileReference; fileEncoding = 4; lastKnownFileType = text.plist.entitlements; path = Runner.entitlements; sourceTree = "<group>"; };
		A4C4815F229A51B50060F891 /* Info.plist */ = {isa = PBXFileReference; fileEncoding = 4; lastKnownFileType = text.plist.xml; path = Info.plist; sourceTree = "<group>"; };
		A4C48160229A51B50060F891 /* MEMView.swift */ = {isa = PBXFileReference; fileEncoding = 4; lastKnownFileType = sourcecode.swift; path = MEMView.swift; sourceTree = "<group>"; };
		A4C48161229A51B50060F891 /* AppDelegate.swift */ = {isa = PBXFileReference; fileEncoding = 4; lastKnownFileType = sourcecode.swift; path = AppDelegate.swift; sourceTree = "<group>"; };
		A4C48162229A51B60060F891 /* MEMViewController.swift */ = {isa = PBXFileReference; fileEncoding = 4; lastKnownFileType = sourcecode.swift; path = MEMViewController.swift; sourceTree = "<group>"; };
		A4C48163229A51B60060F891 /* MEMWindow.swift */ = {isa = PBXFileReference; fileEncoding = 4; lastKnownFileType = sourcecode.swift; path = MEMWindow.swift; sourceTree = "<group>"; };
		A4C48164229A51B60060F891 /* MEMWindowController.swift */ = {isa = PBXFileReference; fileEncoding = 4; lastKnownFileType = sourcecode.swift; path = MEMWindowController.swift; sourceTree = "<group>"; };
		A4C48165229A51B60060F891 /* main.swift */ = {isa = PBXFileReference; fileEncoding = 4; lastKnownFileType = sourcecode.swift; path = main.swift; sourceTree = "<group>"; };
		A4CF3C5822ABF16500FFCA38 /* WHWebPreferencesViewController.swift */ = {isa = PBXFileReference; lastKnownFileType = sourcecode.swift; path = WHWebPreferencesViewController.swift; sourceTree = "<group>"; };
/* End PBXFileReference section */

/* Begin PBXFrameworksBuildPhase section */
		0095C5DF1F22F2B7001CB8AD /* Frameworks */ = {
			isa = PBXFrameworksBuildPhase;
			buildActionMask = 2147483647;
			files = (
			);
			runOnlyForDeploymentPostprocessing = 0;
		};
		A45DC0CB22A2DA17001A1447 /* Frameworks */ = {
			isa = PBXFrameworksBuildPhase;
			buildActionMask = 2147483647;
			files = (
				A483E4DB22D211CC001966A3 /* Yams in Frameworks */,
			);
			runOnlyForDeploymentPostprocessing = 0;
		};
/* End PBXFrameworksBuildPhase section */

/* Begin PBXGroup section */
		0095C5BD1F22F08E001CB8AD = {
			isa = PBXGroup;
			children = (
				0095C5E31F22F2B7001CB8AD /* Runner */,
				A45DC0CF22A2DA17001A1447 /* WebHunt */,
				0095C5C81F22F08E001CB8AD /* Products */,
			);
			sourceTree = "<group>";
		};
		0095C5C81F22F08E001CB8AD /* Products */ = {
			isa = PBXGroup;
			children = (
				0095C5E21F22F2B7001CB8AD /* Runner.app */,
				A45DC0CE22A2DA17001A1447 /* WebHunt.saver */,
			);
			name = Products;
			sourceTree = "<group>";
		};
		0095C5E31F22F2B7001CB8AD /* Runner */ = {
			isa = PBXGroup;
			children = (
				A4C48161229A51B50060F891 /* AppDelegate.swift */,
				A4C48160229A51B50060F891 /* MEMView.swift */,
				A4C48162229A51B60060F891 /* MEMViewController.swift */,
				A4C48163229A51B60060F891 /* MEMWindow.swift */,
				A4C48164229A51B60060F891 /* MEMWindowController.swift */,
				A4C48165229A51B60060F891 /* main.swift */,
				A4C4815F229A51B50060F891 /* Info.plist */,
				A4C4815E229A51B50060F891 /* Runner.entitlements */,
			);
			path = Runner;
			sourceTree = "<group>";
		};
		A45DC0CF22A2DA17001A1447 /* WebHunt */ = {
			isa = PBXGroup;
			children = (
				A46A548B22A3D9FD00E86E35 /* Source */,
				A46A548A22A3D9DE00E86E35 /* Resources */,
				A45DC0D422A2DA17001A1447 /* Info.plist */,
				A46A549722A3ED5000E86E35 /* WebHuntView.swift */,
			);
			path = WebHunt;
			sourceTree = "<group>";
		};
		A46A548A22A3D9DE00E86E35 /* Resources */ = {
			isa = PBXGroup;
			children = (
				A46A549B22A3EE0600E86E35 /* Preferences.storyboard */,
			);
			path = Resources;
			sourceTree = "<group>";
		};
		A46A548B22A3D9FD00E86E35 /* Source */ = {
			isa = PBXGroup;
			children = (
				A49F549C22AA1E1300022A59 /* Models */,
				A46A549D22A3FB4A00E86E35 /* View */,
				A46A548E22A3DC0600E86E35 /* Controller */,
			);
			path = Source;
			sourceTree = "<group>";
		};
		A46A548E22A3DC0600E86E35 /* Controller */ = {
			isa = PBXGroup;
			children = (
				A46A549522A3ED2A00E86E35 /* PreferencesWindowController.swift */,
				A49B1BDA22BF907000872E5C /* Preferences.swift */,
				A46A54A022A420B500E86E35 /* WHContainerViewController.swift */,
				A4CF3C5822ABF16500FFCA38 /* WHWebPreferencesViewController.swift */,
				A49B1BE422BFCE4800872E5C /* HTAdvancedViewController.swift */,
				A43EFA2B22D4D5C0008AEE03 /* WHWebManagerController.swift */,
				A43EFA2C22D4D5C0008AEE03 /* WHWebManagerController.xib */,
			);
			path = Controller;
			sourceTree = "<group>";
		};
		A46A549D22A3FB4A00E86E35 /* View */ = {
			isa = PBXGroup;
			children = (
				A46A549E22A3FB7000E86E35 /* PreferencesWindow.swift */,
				A4B46CB922B92A22007FB19C /* CheckCellView.swift */,
			);
			path = View;
			sourceTree = "<group>";
		};
		A49F549C22AA1E1300022A59 /* Models */ = {
			isa = PBXGroup;
			children = (
				A49F54A822AA684300022A59 /* Downloads */,
				A49F54A522AA43C900022A59 /* Cache */,
				A49F54A122AA216400022A59 /* ManifestLoader.swift */,
				A49B1BDE22BFC0D700872E5C /* LogMessage.swift */,
				A49F54A322AA25AD00022A59 /* HunterWeb.swift */,
			);
			path = Models;
			sourceTree = "<group>";
		};
		A49F54A522AA43C900022A59 /* Cache */ = {
			isa = PBXGroup;
			children = (
				A49F54A622AA43ED00022A59 /* WebCache.swift */,
			);
			path = Cache;
			sourceTree = "<group>";
		};
		A49F54A822AA684300022A59 /* Downloads */ = {
			isa = PBXGroup;
			children = (
				A49F54A922AA688500022A59 /* DownloadManager.swift */,
				A49F54AB22AA6A0900022A59 /* AsynchronousOperation.swift */,
			);
			path = Downloads;
			sourceTree = "<group>";
		};
/* End PBXGroup section */

/* Begin PBXHeadersBuildPhase section */
		A45DC0C922A2DA17001A1447 /* Headers */ = {
			isa = PBXHeadersBuildPhase;
			buildActionMask = 2147483647;
			files = (
			);
			runOnlyForDeploymentPostprocessing = 0;
		};
/* End PBXHeadersBuildPhase section */

/* Begin PBXNativeTarget section */
		0095C5E11F22F2B7001CB8AD /* Runner */ = {
			isa = PBXNativeTarget;
			buildConfigurationList = 0095C5F01F22F2B7001CB8AD /* Build configuration list for PBXNativeTarget "Runner" */;
			buildPhases = (
				0095C5DE1F22F2B7001CB8AD /* Sources */,
				0095C5DF1F22F2B7001CB8AD /* Frameworks */,
				0095C5E01F22F2B7001CB8AD /* Resources */,
			);
			buildRules = (
			);
			dependencies = (
				A45DC0DB22A2DA6E001A1447 /* PBXTargetDependency */,
			);
			name = Runner;
			productName = Runner;
			productReference = 0095C5E21F22F2B7001CB8AD /* Runner.app */;
			productType = "com.apple.product-type.application";
		};
		A45DC0CD22A2DA17001A1447 /* WebHunt */ = {
			isa = PBXNativeTarget;
			buildConfigurationList = A45DC0D522A2DA17001A1447 /* Build configuration list for PBXNativeTarget "WebHunt" */;
			buildPhases = (
				A45DC0C922A2DA17001A1447 /* Headers */,
				A45DC0CA22A2DA17001A1447 /* Sources */,
				A45DC0CB22A2DA17001A1447 /* Frameworks */,
				A45DC0CC22A2DA17001A1447 /* Resources */,
				A45DC0DC22A2DEF8001A1447 /* CopyFiles */,
			);
			buildRules = (
			);
			dependencies = (
			);
			name = WebHunt;
			packageProductDependencies = (
				A483E4DA22D211CC001966A3 /* Yams */,
			);
			productName = WebHunt;
			productReference = A45DC0CE22A2DA17001A1447 /* WebHunt.saver */;
			productType = "com.apple.product-type.bundle";
		};
/* End PBXNativeTarget section */

/* Begin PBXProject section */
		0095C5BE1F22F08E001CB8AD /* Project object */ = {
			isa = PBXProject;
			attributes = {
				LastSwiftUpdateCheck = 0830;
				LastUpgradeCheck = 1020;
				ORGANIZATIONNAME = HeminWon;
				TargetAttributes = {
					0095C5E11F22F2B7001CB8AD = {
						CreatedOnToolsVersion = 8.3.3;
						LastSwiftMigration = 1020;
						ProvisioningStyle = Automatic;
					};
					A45DC0CD22A2DA17001A1447 = {
						CreatedOnToolsVersion = 10.2;
						DevelopmentTeam = QY5M3GFBMY;
						LastSwiftMigration = 1020;
						ProvisioningStyle = Automatic;
					};
				};
			};
			buildConfigurationList = 0095C5C11F22F08E001CB8AD /* Build configuration list for PBXProject "SaverAssistant" */;
			compatibilityVersion = "Xcode 3.2";
			developmentRegion = en;
			hasScannedForEncodings = 0;
			knownRegions = (
				en,
				Base,
			);
			mainGroup = 0095C5BD1F22F08E001CB8AD;
			packageReferences = (
				A483E4D922D211CC001966A3 /* XCRemoteSwiftPackageReference "Yams" */,
			);
			productRefGroup = 0095C5C81F22F08E001CB8AD /* Products */;
			projectDirPath = "";
			projectRoot = "";
			targets = (
				0095C5E11F22F2B7001CB8AD /* Runner */,
				A45DC0CD22A2DA17001A1447 /* WebHunt */,
			);
		};
/* End PBXProject section */

/* Begin PBXResourcesBuildPhase section */
		0095C5E01F22F2B7001CB8AD /* Resources */ = {
			isa = PBXResourcesBuildPhase;
			buildActionMask = 2147483647;
			files = (
			);
			runOnlyForDeploymentPostprocessing = 0;
		};
		A45DC0CC22A2DA17001A1447 /* Resources */ = {
			isa = PBXResourcesBuildPhase;
			buildActionMask = 2147483647;
			files = (
				A46A549C22A3EE0600E86E35 /* Preferences.storyboard in Resources */,
				A43EFA2E22D4D5C0008AEE03 /* WHWebManagerController.xib in Resources */,
			);
			runOnlyForDeploymentPostprocessing = 0;
		};
/* End PBXResourcesBuildPhase section */

/* Begin PBXSourcesBuildPhase section */
		0095C5DE1F22F2B7001CB8AD /* Sources */ = {
			isa = PBXSourcesBuildPhase;
			buildActionMask = 2147483647;
			files = (
				A4C48169229A51B60060F891 /* MEMViewController.swift in Sources */,
				A4C4816A229A51B60060F891 /* MEMWindow.swift in Sources */,
				A4C4816C229A51B60060F891 /* main.swift in Sources */,
				A4C48168229A51B60060F891 /* AppDelegate.swift in Sources */,
				A4C48167229A51B60060F891 /* MEMView.swift in Sources */,
				A4C4816B229A51B60060F891 /* MEMWindowController.swift in Sources */,
			);
			runOnlyForDeploymentPostprocessing = 0;
		};
		A45DC0CA22A2DA17001A1447 /* Sources */ = {
			isa = PBXSourcesBuildPhase;
			buildActionMask = 2147483647;
			files = (
				A46A549822A3ED5000E86E35 /* WebHuntView.swift in Sources */,
				A49F54A422AA25AD00022A59 /* HunterWeb.swift in Sources */,
				A49B1BE622BFCE4800872E5C /* HTAdvancedViewController.swift in Sources */,
				A49B1BDB22BF907000872E5C /* Preferences.swift in Sources */,
				A4B46CBA22B92A22007FB19C /* CheckCellView.swift in Sources */,
				A49F54A722AA43ED00022A59 /* WebCache.swift in Sources */,
				A49F54AA22AA688500022A59 /* DownloadManager.swift in Sources */,
				A46A549F22A3FB7000E86E35 /* PreferencesWindow.swift in Sources */,
				A49F54AC22AA6A0900022A59 /* AsynchronousOperation.swift in Sources */,
				A46A549622A3ED2A00E86E35 /* PreferencesWindowController.swift in Sources */,
				A4CF3C5922ABF16500FFCA38 /* WHWebPreferencesViewController.swift in Sources */,
				A49B1BDF22BFC0D700872E5C /* LogMessage.swift in Sources */,
				A43EFA2D22D4D5C0008AEE03 /* WHWebManagerController.swift in Sources */,
				A49F54A222AA216400022A59 /* ManifestLoader.swift in Sources */,
				A46A54A122A420B500E86E35 /* WHContainerViewController.swift in Sources */,
			);
			runOnlyForDeploymentPostprocessing = 0;
		};
/* End PBXSourcesBuildPhase section */

/* Begin PBXTargetDependency section */
		A45DC0DB22A2DA6E001A1447 /* PBXTargetDependency */ = {
			isa = PBXTargetDependency;
			target = A45DC0CD22A2DA17001A1447 /* WebHunt */;
			targetProxy = A45DC0DA22A2DA6E001A1447 /* PBXContainerItemProxy */;
		};
/* End PBXTargetDependency section */

/* Begin XCBuildConfiguration section */
		0095C5CF1F22F08E001CB8AD /* Debug */ = {
			isa = XCBuildConfiguration;
			buildSettings = {
				ALWAYS_SEARCH_USER_PATHS = NO;
				CLANG_ANALYZER_LOCALIZABILITY_NONLOCALIZED = YES;
				CLANG_ANALYZER_NONNULL = YES;
				CLANG_ANALYZER_NUMBER_OBJECT_CONVERSION = YES_AGGRESSIVE;
				CLANG_CXX_LANGUAGE_STANDARD = "gnu++0x";
				CLANG_CXX_LIBRARY = "libc++";
				CLANG_ENABLE_MODULES = YES;
				CLANG_ENABLE_OBJC_ARC = YES;
				CLANG_WARN_BLOCK_CAPTURE_AUTORELEASING = YES;
				CLANG_WARN_BOOL_CONVERSION = YES;
				CLANG_WARN_COMMA = YES;
				CLANG_WARN_CONSTANT_CONVERSION = YES;
				CLANG_WARN_DEPRECATED_OBJC_IMPLEMENTATIONS = YES;
				CLANG_WARN_DIRECT_OBJC_ISA_USAGE = YES_ERROR;
				CLANG_WARN_DOCUMENTATION_COMMENTS = YES;
				CLANG_WARN_EMPTY_BODY = YES;
				CLANG_WARN_ENUM_CONVERSION = YES;
				CLANG_WARN_INFINITE_RECURSION = YES;
				CLANG_WARN_INT_CONVERSION = YES;
				CLANG_WARN_NON_LITERAL_NULL_CONVERSION = YES;
				CLANG_WARN_OBJC_IMPLICIT_RETAIN_SELF = YES;
				CLANG_WARN_OBJC_LITERAL_CONVERSION = YES;
				CLANG_WARN_OBJC_ROOT_CLASS = YES_ERROR;
				CLANG_WARN_RANGE_LOOP_ANALYSIS = YES;
				CLANG_WARN_STRICT_PROTOTYPES = YES;
				CLANG_WARN_SUSPICIOUS_MOVE = YES;
				CLANG_WARN_UNREACHABLE_CODE = YES;
				CLANG_WARN__DUPLICATE_METHOD_MATCH = YES;
				CODE_SIGN_IDENTITY = "-";
				COPY_PHASE_STRIP = NO;
				DEBUG_INFORMATION_FORMAT = dwarf;
				ENABLE_STRICT_OBJC_MSGSEND = YES;
				ENABLE_TESTABILITY = YES;
				GCC_C_LANGUAGE_STANDARD = gnu99;
				GCC_DYNAMIC_NO_PIC = NO;
				GCC_NO_COMMON_BLOCKS = YES;
				GCC_OPTIMIZATION_LEVEL = 0;
				GCC_PREPROCESSOR_DEFINITIONS = (
					"DEBUG=1",
					"$(inherited)",
				);
				GCC_WARN_64_TO_32_BIT_CONVERSION = YES;
				GCC_WARN_ABOUT_RETURN_TYPE = YES_ERROR;
				GCC_WARN_UNDECLARED_SELECTOR = YES;
				GCC_WARN_UNINITIALIZED_AUTOS = YES_AGGRESSIVE;
				GCC_WARN_UNUSED_FUNCTION = YES;
				GCC_WARN_UNUSED_VARIABLE = YES;
				MACOSX_DEPLOYMENT_TARGET = 10.12;
				MTL_ENABLE_DEBUG_INFO = YES;
				ONLY_ACTIVE_ARCH = YES;
				SDKROOT = macosx;
			};
			name = Debug;
		};
		0095C5D01F22F08E001CB8AD /* Release */ = {
			isa = XCBuildConfiguration;
			buildSettings = {
				ALWAYS_SEARCH_USER_PATHS = NO;
				CLANG_ANALYZER_LOCALIZABILITY_NONLOCALIZED = YES;
				CLANG_ANALYZER_NONNULL = YES;
				CLANG_ANALYZER_NUMBER_OBJECT_CONVERSION = YES_AGGRESSIVE;
				CLANG_CXX_LANGUAGE_STANDARD = "gnu++0x";
				CLANG_CXX_LIBRARY = "libc++";
				CLANG_ENABLE_MODULES = YES;
				CLANG_ENABLE_OBJC_ARC = YES;
				CLANG_WARN_BLOCK_CAPTURE_AUTORELEASING = YES;
				CLANG_WARN_BOOL_CONVERSION = YES;
				CLANG_WARN_COMMA = YES;
				CLANG_WARN_CONSTANT_CONVERSION = YES;
				CLANG_WARN_DEPRECATED_OBJC_IMPLEMENTATIONS = YES;
				CLANG_WARN_DIRECT_OBJC_ISA_USAGE = YES_ERROR;
				CLANG_WARN_DOCUMENTATION_COMMENTS = YES;
				CLANG_WARN_EMPTY_BODY = YES;
				CLANG_WARN_ENUM_CONVERSION = YES;
				CLANG_WARN_INFINITE_RECURSION = YES;
				CLANG_WARN_INT_CONVERSION = YES;
				CLANG_WARN_NON_LITERAL_NULL_CONVERSION = YES;
				CLANG_WARN_OBJC_IMPLICIT_RETAIN_SELF = YES;
				CLANG_WARN_OBJC_LITERAL_CONVERSION = YES;
				CLANG_WARN_OBJC_ROOT_CLASS = YES_ERROR;
				CLANG_WARN_RANGE_LOOP_ANALYSIS = YES;
				CLANG_WARN_STRICT_PROTOTYPES = YES;
				CLANG_WARN_SUSPICIOUS_MOVE = YES;
				CLANG_WARN_UNREACHABLE_CODE = YES;
				CLANG_WARN__DUPLICATE_METHOD_MATCH = YES;
				CODE_SIGN_IDENTITY = "-";
				COPY_PHASE_STRIP = NO;
				DEBUG_INFORMATION_FORMAT = "dwarf-with-dsym";
				ENABLE_NS_ASSERTIONS = NO;
				ENABLE_STRICT_OBJC_MSGSEND = YES;
				GCC_C_LANGUAGE_STANDARD = gnu99;
				GCC_NO_COMMON_BLOCKS = YES;
				GCC_WARN_64_TO_32_BIT_CONVERSION = YES;
				GCC_WARN_ABOUT_RETURN_TYPE = YES_ERROR;
				GCC_WARN_UNDECLARED_SELECTOR = YES;
				GCC_WARN_UNINITIALIZED_AUTOS = YES_AGGRESSIVE;
				GCC_WARN_UNUSED_FUNCTION = YES;
				GCC_WARN_UNUSED_VARIABLE = YES;
				MACOSX_DEPLOYMENT_TARGET = 10.12;
				MTL_ENABLE_DEBUG_INFO = NO;
				SDKROOT = macosx;
				SWIFT_COMPILATION_MODE = wholemodule;
			};
			name = Release;
		};
		0095C5EE1F22F2B7001CB8AD /* Debug */ = {
			isa = XCBuildConfiguration;
			buildSettings = {
				CLANG_ENABLE_MODULES = YES;
				COMBINE_HIDPI_IMAGES = YES;
				INFOPLIST_FILE = Runner/Info.plist;
				LD_RUNPATH_SEARCH_PATHS = (
					"$(inherited)",
					"@executable_path/../Frameworks",
				);
				PRODUCT_BUNDLE_IDENTIFIER = com.heminwon.io.Runner;
				PRODUCT_NAME = "$(TARGET_NAME)";
				SWIFT_ACTIVE_COMPILATION_CONDITIONS = DEBUG;
				SWIFT_OPTIMIZATION_LEVEL = "-Onone";
				SWIFT_VERSION = 5.0;
			};
			name = Debug;
		};
		0095C5EF1F22F2B7001CB8AD /* Release */ = {
			isa = XCBuildConfiguration;
			buildSettings = {
				CLANG_ENABLE_MODULES = YES;
				COMBINE_HIDPI_IMAGES = YES;
				INFOPLIST_FILE = Runner/Info.plist;
				LD_RUNPATH_SEARCH_PATHS = (
					"$(inherited)",
					"@executable_path/../Frameworks",
				);
				PRODUCT_BUNDLE_IDENTIFIER = com.heminwon.io.Runner;
				PRODUCT_NAME = "$(TARGET_NAME)";
				SWIFT_COMPILATION_MODE = wholemodule;
				SWIFT_OPTIMIZATION_LEVEL = "-O";
				SWIFT_VERSION = 5.0;
			};
			name = Release;
		};
		A45DC0D622A2DA17001A1447 /* Debug */ = {
			isa = XCBuildConfiguration;
			buildSettings = {
				CLANG_CXX_LANGUAGE_STANDARD = "gnu++14";
				CLANG_ENABLE_MODULES = YES;
				CLANG_ENABLE_OBJC_WEAK = YES;
				CLANG_WARN_UNGUARDED_AVAILABILITY = YES_AGGRESSIVE;
				CODE_SIGN_IDENTITY = "Mac Developer";
				CODE_SIGN_STYLE = Automatic;
				COMBINE_HIDPI_IMAGES = YES;
				DEVELOPMENT_TEAM = QY5M3GFBMY;
				GCC_C_LANGUAGE_STANDARD = gnu11;
				INFOPLIST_FILE = WebHunt/Info.plist;
				INSTALL_PATH = "$(HOME)/Library/Screen Savers";
				LD_RUNPATH_SEARCH_PATHS = (
					"$(inherited)",
					"@executable_path/../Frameworks",
					"@loader_path/../Frameworks",
				);
				MACOSX_DEPLOYMENT_TARGET = 10.14;
				MTL_ENABLE_DEBUG_INFO = INCLUDE_SOURCE;
				MTL_FAST_MATH = YES;
				PRODUCT_BUNDLE_IDENTIFIER = com.heminwon.io.WebHunt;
				PRODUCT_NAME = "$(TARGET_NAME)";
				SWIFT_OPTIMIZATION_LEVEL = "-Onone";
				SWIFT_VERSION = 5.0;
				WRAPPER_EXTENSION = saver;
			};
			name = Debug;
		};
		A45DC0D722A2DA17001A1447 /* Release */ = {
			isa = XCBuildConfiguration;
			buildSettings = {
				CLANG_CXX_LANGUAGE_STANDARD = "gnu++14";
				CLANG_ENABLE_MODULES = YES;
				CLANG_ENABLE_OBJC_WEAK = YES;
				CLANG_WARN_UNGUARDED_AVAILABILITY = YES_AGGRESSIVE;
				CODE_SIGN_IDENTITY = "Mac Developer";
				CODE_SIGN_STYLE = Automatic;
				COMBINE_HIDPI_IMAGES = YES;
				DEVELOPMENT_TEAM = QY5M3GFBMY;
				GCC_C_LANGUAGE_STANDARD = gnu11;
				INFOPLIST_FILE = WebHunt/Info.plist;
				INSTALL_PATH = "$(HOME)/Library/Screen Savers";
				LD_RUNPATH_SEARCH_PATHS = (
					"$(inherited)",
					"@executable_path/../Frameworks",
					"@loader_path/../Frameworks",
				);
				MACOSX_DEPLOYMENT_TARGET = 10.14;
				MTL_FAST_MATH = YES;
				PRODUCT_BUNDLE_IDENTIFIER = com.heminwon.io.WebHunt;
				PRODUCT_NAME = "$(TARGET_NAME)";
				SWIFT_VERSION = 5.0;
				WRAPPER_EXTENSION = saver;
			};
			name = Release;
		};
/* End XCBuildConfiguration section */

/* Begin XCConfigurationList section */
		0095C5C11F22F08E001CB8AD /* Build configuration list for PBXProject "SaverAssistant" */ = {
			isa = XCConfigurationList;
			buildConfigurations = (
				0095C5CF1F22F08E001CB8AD /* Debug */,
				0095C5D01F22F08E001CB8AD /* Release */,
			);
			defaultConfigurationIsVisible = 0;
			defaultConfigurationName = Release;
		};
		0095C5F01F22F2B7001CB8AD /* Build configuration list for PBXNativeTarget "Runner" */ = {
			isa = XCConfigurationList;
			buildConfigurations = (
				0095C5EE1F22F2B7001CB8AD /* Debug */,
				0095C5EF1F22F2B7001CB8AD /* Release */,
			);
			defaultConfigurationIsVisible = 0;
			defaultConfigurationName = Release;
		};
		A45DC0D522A2DA17001A1447 /* Build configuration list for PBXNativeTarget "WebHunt" */ = {
			isa = XCConfigurationList;
			buildConfigurations = (
				A45DC0D622A2DA17001A1447 /* Debug */,
				A45DC0D722A2DA17001A1447 /* Release */,
			);
			defaultConfigurationIsVisible = 0;
			defaultConfigurationName = Release;
		};
/* End XCConfigurationList section */

/* Begin XCRemoteSwiftPackageReference section */
		A483E4D922D211CC001966A3 /* XCRemoteSwiftPackageReference "Yams" */ = {
			isa = XCRemoteSwiftPackageReference;
			repositoryURL = "https://github.com/jpsim/Yams.git";
			requirement = {
				kind = upToNextMajorVersion;
				minimumVersion = 2.0.0;
			};
		};
/* End XCRemoteSwiftPackageReference section */

/* Begin XCSwiftPackageProductDependency section */
		A483E4DA22D211CC001966A3 /* Yams */ = {
			isa = XCSwiftPackageProductDependency;
			package = A483E4D922D211CC001966A3 /* XCRemoteSwiftPackageReference "Yams" */;
			productName = Yams;
		};
/* End XCSwiftPackageProductDependency section */
	};
	rootObject = 0095C5BE1F22F08E001CB8AD /* Project object */;
}
